
Microsoft Visual Studio Solution File, Format Version 12.00
# Visual Studio 15
VisualStudioVersion = 15.0.28010.2016
MinimumVisualStudioVersion = 10.0.40219.1
Project("{FAE04EC0-301F-11D3-BF4B-00C04F79EFBC}") = "bonita_mazamitla", "bonita_mazamitla\bonita_mazamitla.csproj", "{414FA85E-3DA1-4D5A-935E-0F6E82CD5218}"
EndProject
Global
	GlobalSection(SolutionConfigurationPlatforms) = preSolution
		Debug|Any CPU = Debug|Any CPU
		Release|Any CPU = Release|Any CPU
	EndGlobalSection
	GlobalSection(ProjectConfigurationPlatforms) = postSolution
		{414FA85E-3DA1-4D5A-935E-0F6E82CD5218}.Debug|Any CPU.ActiveCfg = Debug|Any CPU
		{414FA85E-3DA1-4D5A-935E-0F6E82CD5218}.Debug|Any CPU.Build.0 = Debug|Any CPU
		{414FA85E-3DA1-4D5A-935E-0F6E82CD5218}.Release|Any CPU.ActiveCfg = Release|Any CPU
		{414FA85E-3DA1-4D5A-935E-0F6E82CD5218}.Release|Any CPU.Build.0 = Release|Any CPU
	EndGlobalSection
	GlobalSection(SolutionProperties) = preSolution
		HideSolutionNode = FALSE
	EndGlobalSection
	GlobalSection(ExtensibilityGlobals) = postSolution
		SolutionGuid = {FE979FA4-EFC2-4E11-A93D-1401A78AF0F6}
	EndGlobalSection
EndGlobal
